// !$*UTF8*$!
{
	archiveVersion = 1;
	classes = {
	};
	objectVersion = 70;
	objects = {

/* Begin PBXBuildFile section */
		3F1F94DA299FC2AE00077B2B /* SongRow.swift in Sources */ = {isa = PBXBuildFile; fileRef = 3F1F94D9299FC2AE00077B2B /* SongRow.swift */; };
		3F4442A229A4D339007A6CB2 /* Roadmap in Frameworks */ = {isa = PBXBuildFile; productRef = 3F4442A129A4D339007A6CB2 /* Roadmap */; };
		3F4442A429A4D374007A6CB2 /* Roadmap.swift in Sources */ = {isa = PBXBuildFile; fileRef = 3F4442A329A4D374007A6CB2 /* Roadmap.swift */; };
		3F6D002A299BB6FF007C1652 /* Data.swift in Sources */ = {isa = PBXBuildFile; fileRef = 3F6D0029299BB6FF007C1652 /* Data.swift */; };
		3F6D005B299CEA56007C1652 /* Onboarding.swift in Sources */ = {isa = PBXBuildFile; fileRef = 3F6D005A299CEA56007C1652 /* Onboarding.swift */; };
		3F6D0075299D2535007C1652 /* SongView.swift in Sources */ = {isa = PBXBuildFile; fileRef = 3F6D0074299D2535007C1652 /* SongView.swift */; };
		3F6DFFC5299A92FA007C1652 /* ZiekieApp.swift in Sources */ = {isa = PBXBuildFile; fileRef = 3F6DFFC4299A92FA007C1652 /* ZiekieApp.swift */; };
		3F6DFFCC299A92FC007C1652 /* Preview Assets.xcassets in Resources */ = {isa = PBXBuildFile; fileRef = 3F6DFFCB299A92FC007C1652 /* Preview Assets.xcassets */; };
		3F6DFFD6299A92FC007C1652 /* ZiekieTests.swift in Sources */ = {isa = PBXBuildFile; fileRef = 3F6DFFD5299A92FC007C1652 /* ZiekieTests.swift */; };
		3F6DFFE0299A92FC007C1652 /* ZiekieUITests.swift in Sources */ = {isa = PBXBuildFile; fileRef = 3F6DFFDF299A92FC007C1652 /* ZiekieUITests.swift */; };
		3F6DFFE2299A92FC007C1652 /* ZiekieUITestsLaunchTests.swift in Sources */ = {isa = PBXBuildFile; fileRef = 3F6DFFE1299A92FC007C1652 /* ZiekieUITestsLaunchTests.swift */; };
		3F6DFFEF299A930E007C1652 /* SearchView.swift in Sources */ = {isa = PBXBuildFile; fileRef = 3F6DFFEE299A930E007C1652 /* SearchView.swift */; };
		3FFA8EDD299D398E0090EDE2 /* HomeView.swift in Sources */ = {isa = PBXBuildFile; fileRef = 3FFA8EDC299D398E0090EDE2 /* HomeView.swift */; };
		5007B98A2E20F8A100C59160 /* Merriweather-Italic-VariableFont_opsz,wdth,wght.ttf in Resources */ = {isa = PBXBuildFile; fileRef = 5007B9882E20F8A100C59160 /* Merriweather-Italic-VariableFont_opsz,wdth,wght.ttf */; };
		5007B98B2E20F8A100C59160 /* Merriweather-VariableFont_opsz,wdth,wght.ttf in Resources */ = {isa = PBXBuildFile; fileRef = 5007B9892E20F8A100C59160 /* Merriweather-VariableFont_opsz,wdth,wght.ttf */; };
		5007B9952E21531F00C59160 /* CanvasDottedBackground.swift in Sources */ = {isa = PBXBuildFile; fileRef = 5007B9942E21531F00C59160 /* CanvasDottedBackground.swift */; };
		503C10902E4CA4BF005B0C72 /* ImagePlaygroundLanguageChecker.swift in Sources */ = {isa = PBXBuildFile; fileRef = 503C108F2E4CA4BF005B0C72 /* ImagePlaygroundLanguageChecker.swift */; };
		503C10922E4CA654005B0C72 /* ImagePlaygroundOnboardingView.swift in Sources */ = {isa = PBXBuildFile; fileRef = 503C10912E4CA654005B0C72 /* ImagePlaygroundOnboardingView.swift */; };
		5042B0E32E1B0EEE0069CBDE /* SubscriptionStatusView.swift in Sources */ = {isa = PBXBuildFile; fileRef = 5042B0E22E1B0EEE0069CBDE /* SubscriptionStatusView.swift */; };
		508262062E184E06001675FB /* QuicksandFont.swift in Sources */ = {isa = PBXBuildFile; fileRef = 508262052E184E06001675FB /* QuicksandFont.swift */; };
		5090C5FE2D8F4CC400ED8941 /* PlaylistCreationSheet.swift in Sources */ = {isa = PBXBuildFile; fileRef = 5090C5FD2D8F4CC400ED8941 /* PlaylistCreationSheet.swift */; };
		5092CE322E379B65000E7A10 /* SwiftUIIntrospect in Frameworks */ = {isa = PBXBuildFile; productRef = 5092CE312E379B65000E7A10 /* SwiftUIIntrospect */; };
		5092CE362E379B65000E7A10 /* SwiftUIIntrospect-Static in Frameworks */ = {isa = PBXBuildFile; productRef = 5092CE352E379B65000E7A10 /* SwiftUIIntrospect-Static */; };
		5092CE3D2E38AE99000E7A10 /* ParentSongImageEditorView.swift in Sources */ = {isa = PBXBuildFile; fileRef = 5092CE3C2E38AE99000E7A10 /* ParentSongImageEditorView.swift */; };
		5092CE412E38BF11000E7A10 /* PhotoSaver.swift in Sources */ = {isa = PBXBuildFile; fileRef = 5092CE402E38BF11000E7A10 /* PhotoSaver.swift */; };
		5092CE452E38D60F000E7A10 /* ImageAssetLoader.swift in Sources */ = {isa = PBXBuildFile; fileRef = 5092CE442E38D60F000E7A10 /* ImageAssetLoader.swift */; };
		5092CE492E39466B000E7A10 /* NowPlayingBar.swift in Sources */ = {isa = PBXBuildFile; fileRef = 5092CE482E39466B000E7A10 /* NowPlayingBar.swift */; };
		5092CE4B2E395E3D000E7A10 /* MusicProgressSlider.swift in Sources */ = {isa = PBXBuildFile; fileRef = 5092CE4A2E395E3D000E7A10 /* MusicProgressSlider.swift */; };
		5092CE4D2E39EDE2000E7A10 /* canvastest.swift in Sources */ = {isa = PBXBuildFile; fileRef = 5092CE4C2E39EDE2000E7A10 /* canvastest.swift */; };
		50A908F72D95795A00545344 /* PlaylistGridView.swift in Sources */ = {isa = PBXBuildFile; fileRef = 50A908F62D95795A00545344 /* PlaylistGridView.swift */; };
		50A908F82D99C18100545344 /* MusicPlayerManager.swift in Sources */ = {isa = PBXBuildFile; fileRef = D1633981F8AE8754824EB033 /* MusicPlayerManager.swift */; };
		50A908F92D99C23B00545344 /* MusicAuthManager.swift in Sources */ = {isa = PBXBuildFile; fileRef = 5090C5FF2D8F52EA00ED8941 /* MusicAuthManager.swift */; };
		50A908FA2D99C24000545344 /* PlaylistDetailView.swift in Sources */ = {isa = PBXBuildFile; fileRef = 5F2E87A63B04DDEF37835EB6 /* PlaylistDetailView.swift */; };
		50AF24102E243C74003B5CA9 /* MainThreadMonitor.swift in Sources */ = {isa = PBXBuildFile; fileRef = 50AF240F2E243C74003B5CA9 /* MainThreadMonitor.swift */; };
		50C75B702E26DBC6007DC6C0 /* ParentPlaylistRow.swift in Sources */ = {isa = PBXBuildFile; fileRef = 50C75B6F2E26DBC6007DC6C0 /* ParentPlaylistRow.swift */; };
		50C75B722E26DBD3007DC6C0 /* ParentImageEditorView.swift in Sources */ = {isa = PBXBuildFile; fileRef = 50C75B712E26DBD3007DC6C0 /* ParentImageEditorView.swift */; };
		50C75B742E26DBDE007DC6C0 /* ParentAnalyticsView.swift in Sources */ = {isa = PBXBuildFile; fileRef = 50C75B732E26DBDE007DC6C0 /* ParentAnalyticsView.swift */; };
		50C75B7C2E2A5AC4007DC6C0 /* PlaylistLoadingPreference.swift in Sources */ = {isa = PBXBuildFile; fileRef = 50C75B7B2E2A5AC4007DC6C0 /* PlaylistLoadingPreference.swift */; };
		50C75B7E2E2A5CB9007DC6C0 /* PlaylistPreferenceSection.swift in Sources */ = {isa = PBXBuildFile; fileRef = 50C75B7D2E2A5CB9007DC6C0 /* PlaylistPreferenceSection.swift */; };
		50C75B912E3764E4007DC6C0 /* ColorExtractionService.swift in Sources */ = {isa = PBXBuildFile; fileRef = 50C75B902E3764E4007DC6C0 /* ColorExtractionService.swift */; };
		50CEDCAB2E26D4EC00A28693 /* ParentModeManager.swift in Sources */ = {isa = PBXBuildFile; fileRef = 50CEDCAA2E26D4EC00A28693 /* ParentModeManager.swift */; };
		50D25D912E1876C100990124 /* ParentAuthenticationView.swift in Sources */ = {isa = PBXBuildFile; fileRef = 50D25D902E1876C100990124 /* ParentAuthenticationView.swift */; };
		50F38C2A2E3D09A2002F1DBF /* AppIcon.swift in Sources */ = {isa = PBXBuildFile; fileRef = 50F38C292E3D09A2002F1DBF /* AppIcon.swift */; };
		50F7F3612E2048A800EBD277 /* Assets.xcassets in Resources */ = {isa = PBXBuildFile; fileRef = 3F6DFFC8299A92FC007C1652 /* Assets.xcassets */; };
		50F7F3692E20495300EBD277 /* Quicksand_Bold.otf in Resources */ = {isa = PBXBuildFile; fileRef = 50F7F3622E20495300EBD277 /* Quicksand_Bold.otf */; };
		50F7F36A2E20495300EBD277 /* Quicksand_Book_Oblique.otf in Resources */ = {isa = PBXBuildFile; fileRef = 50F7F3652E20495300EBD277 /* Quicksand_Book_Oblique.otf */; };
		50F7F36B2E20495300EBD277 /* Quicksand_Bold_Oblique.otf in Resources */ = {isa = PBXBuildFile; fileRef = 50F7F3632E20495300EBD277 /* Quicksand_Bold_Oblique.otf */; };
		50F7F36C2E20495300EBD277 /* Quicksand_Light.otf in Resources */ = {isa = PBXBuildFile; fileRef = 50F7F3672E20495300EBD277 /* Quicksand_Light.otf */; };
		50F7F36D2E20495300EBD277 /* Quicksand_Light_Oblique.otf in Resources */ = {isa = PBXBuildFile; fileRef = 50F7F3682E20495300EBD277 /* Quicksand_Light_Oblique.otf */; };
		50F7F36E2E20495300EBD277 /* Quicksand_Book.otf in Resources */ = {isa = PBXBuildFile; fileRef = 50F7F3642E20495300EBD277 /* Quicksand_Book.otf */; };
		50F7F36F2E20495300EBD277 /* Quicksand_Dash.otf in Resources */ = {isa = PBXBuildFile; fileRef = 50F7F3662E20495300EBD277 /* Quicksand_Dash.otf */; };
/* End PBXBuildFile section */

/* Begin PBXContainerItemProxy section */
		3F6DFFD2299A92FC007C1652 /* PBXContainerItemProxy */ = {
			isa = PBXContainerItemProxy;
			containerPortal = 3F6DFFB9299A92FA007C1652 /* Project object */;
			proxyType = 1;
			remoteGlobalIDString = 3F6DFFC0299A92FA007C1652;
			remoteInfo = Ziekie;
		};
		3F6DFFDC299A92FC007C1652 /* PBXContainerItemProxy */ = {
			isa = PBXContainerItemProxy;
			containerPortal = 3F6DFFB9299A92FA007C1652 /* Project object */;
			proxyType = 1;
			remoteGlobalIDString = 3F6DFFC0299A92FA007C1652;
			remoteInfo = Ziekie;
		};
/* End PBXContainerItemProxy section */

/* Begin PBXCopyFilesBuildPhase section */
		50C75B872E36BC20007DC6C0 /* Embed Frameworks */ = {
			isa = PBXCopyFilesBuildPhase;
			buildActionMask = 2147483647;
			dstPath = "";
			dstSubfolderSpec = 10;
			files = (
			);
			name = "Embed Frameworks";
			runOnlyForDeploymentPostprocessing = 0;
		};
/* End PBXCopyFilesBuildPhase section */

/* Begin PBXFileReference section */
		3F1F94D9299FC2AE00077B2B /* SongRow.swift */ = {isa = PBXFileReference; lastKnownFileType = sourcecode.swift; path = SongRow.swift; sourceTree = "<group>"; };
		3F4442A329A4D374007A6CB2 /* Roadmap.swift */ = {isa = PBXFileReference; lastKnownFileType = sourcecode.swift; path = Roadmap.swift; sourceTree = "<group>"; };
		3F6D0029299BB6FF007C1652 /* Data.swift */ = {isa = PBXFileReference; lastKnownFileType = sourcecode.swift; path = Data.swift; sourceTree = "<group>"; };
		3F6D005A299CEA56007C1652 /* Onboarding.swift */ = {isa = PBXFileReference; lastKnownFileType = sourcecode.swift; path = Onboarding.swift; sourceTree = "<group>"; };
		3F6D0074299D2535007C1652 /* SongView.swift */ = {isa = PBXFileReference; lastKnownFileType = sourcecode.swift; path = SongView.swift; sourceTree = "<group>"; };
		3F6DFFC1299A92FA007C1652 /* Ziekie.app */ = {isa = PBXFileReference; explicitFileType = wrapper.application; includeInIndex = 0; path = Ziekie.app; sourceTree = BUILT_PRODUCTS_DIR; };
		3F6DFFC4299A92FA007C1652 /* ZiekieApp.swift */ = {isa = PBXFileReference; lastKnownFileType = sourcecode.swift; path = ZiekieApp.swift; sourceTree = "<group>"; };
		3F6DFFC8299A92FC007C1652 /* Assets.xcassets */ = {isa = PBXFileReference; lastKnownFileType = folder.assetcatalog; path = Assets.xcassets; sourceTree = "<group>"; };
		3F6DFFCB299A92FC007C1652 /* Preview Assets.xcassets */ = {isa = PBXFileReference; lastKnownFileType = folder.assetcatalog; path = "Preview Assets.xcassets"; sourceTree = "<group>"; };
		3F6DFFD1299A92FC007C1652 /* ZiekieTests.xctest */ = {isa = PBXFileReference; explicitFileType = wrapper.cfbundle; includeInIndex = 0; path = ZiekieTests.xctest; sourceTree = BUILT_PRODUCTS_DIR; };
		3F6DFFD5299A92FC007C1652 /* ZiekieTests.swift */ = {isa = PBXFileReference; lastKnownFileType = sourcecode.swift; path = ZiekieTests.swift; sourceTree = "<group>"; };
		3F6DFFDB299A92FC007C1652 /* ZiekieUITests.xctest */ = {isa = PBXFileReference; explicitFileType = wrapper.cfbundle; includeInIndex = 0; path = ZiekieUITests.xctest; sourceTree = BUILT_PRODUCTS_DIR; };
		3F6DFFDF299A92FC007C1652 /* ZiekieUITests.swift */ = {isa = PBXFileReference; lastKnownFileType = sourcecode.swift; path = ZiekieUITests.swift; sourceTree = "<group>"; };
		3F6DFFE1299A92FC007C1652 /* ZiekieUITestsLaunchTests.swift */ = {isa = PBXFileReference; lastKnownFileType = sourcecode.swift; path = ZiekieUITestsLaunchTests.swift; sourceTree = "<group>"; };
		3F6DFFEE299A930E007C1652 /* SearchView.swift */ = {isa = PBXFileReference; lastKnownFileType = sourcecode.swift; path = SearchView.swift; sourceTree = "<group>"; };
		3F6DFFF0299A93A7007C1652 /* Info.plist */ = {isa = PBXFileReference; lastKnownFileType = text.plist; path = Info.plist; sourceTree = "<group>"; };
		3FFA8EDC299D398E0090EDE2 /* HomeView.swift */ = {isa = PBXFileReference; lastKnownFileType = sourcecode.swift; path = HomeView.swift; sourceTree = "<group>"; };
		5007B9882E20F8A100C59160 /* Merriweather-Italic-VariableFont_opsz,wdth,wght.ttf */ = {isa = PBXFileReference; lastKnownFileType = file; path = "Merriweather-Italic-VariableFont_opsz,wdth,wght.ttf"; sourceTree = "<group>"; };
		5007B9892E20F8A100C59160 /* Merriweather-VariableFont_opsz,wdth,wght.ttf */ = {isa = PBXFileReference; lastKnownFileType = file; path = "Merriweather-VariableFont_opsz,wdth,wght.ttf"; sourceTree = "<group>"; };
		5007B9942E21531F00C59160 /* CanvasDottedBackground.swift */ = {isa = PBXFileReference; lastKnownFileType = sourcecode.swift; path = CanvasDottedBackground.swift; sourceTree = "<group>"; };
		503C108F2E4CA4BF005B0C72 /* ImagePlaygroundLanguageChecker.swift */ = {isa = PBXFileReference; lastKnownFileType = sourcecode.swift; path = ImagePlaygroundLanguageChecker.swift; sourceTree = "<group>"; };
		503C10912E4CA654005B0C72 /* ImagePlaygroundOnboardingView.swift */ = {isa = PBXFileReference; lastKnownFileType = sourcecode.swift; path = ImagePlaygroundOnboardingView.swift; sourceTree = "<group>"; };
		5042B0DC2E1B069D0069CBDE /* PrivacyPolicyView.swift */ = {isa = PBXFileReference; lastKnownFileType = sourcecode.swift; path = PrivacyPolicyView.swift; sourceTree = "<group>"; };
		5042B0E22E1B0EEE0069CBDE /* SubscriptionStatusView.swift */ = {isa = PBXFileReference; lastKnownFileType = sourcecode.swift; path = SubscriptionStatusView.swift; sourceTree = "<group>"; };
		508262052E184E06001675FB /* QuicksandFont.swift */ = {isa = PBXFileReference; lastKnownFileType = sourcecode.swift; path = QuicksandFont.swift; sourceTree = "<group>"; };
		5090C5FD2D8F4CC400ED8941 /* PlaylistCreationSheet.swift */ = {isa = PBXFileReference; lastKnownFileType = sourcecode.swift; path = PlaylistCreationSheet.swift; sourceTree = "<group>"; };
		5090C5FF2D8F52EA00ED8941 /* MusicAuthManager.swift */ = {isa = PBXFileReference; lastKnownFileType = sourcecode.swift; path = MusicAuthManager.swift; sourceTree = "<group>"; };
		5092CE3C2E38AE99000E7A10 /* ParentSongImageEditorView.swift */ = {isa = PBXFileReference; lastKnownFileType = sourcecode.swift; path = ParentSongImageEditorView.swift; sourceTree = "<group>"; };
		5092CE402E38BF11000E7A10 /* PhotoSaver.swift */ = {isa = PBXFileReference; lastKnownFileType = sourcecode.swift; path = PhotoSaver.swift; sourceTree = "<group>"; };
		5092CE442E38D60F000E7A10 /* ImageAssetLoader.swift */ = {isa = PBXFileReference; lastKnownFileType = sourcecode.swift; path = ImageAssetLoader.swift; sourceTree = "<group>"; };
		5092CE482E39466B000E7A10 /* NowPlayingBar.swift */ = {isa = PBXFileReference; lastKnownFileType = sourcecode.swift; path = NowPlayingBar.swift; sourceTree = "<group>"; };
		5092CE4A2E395E3D000E7A10 /* MusicProgressSlider.swift */ = {isa = PBXFileReference; lastKnownFileType = sourcecode.swift; path = MusicProgressSlider.swift; sourceTree = "<group>"; };
		5092CE4C2E39EDE2000E7A10 /* canvastest.swift */ = {isa = PBXFileReference; lastKnownFileType = sourcecode.swift; path = canvastest.swift; sourceTree = "<group>"; };
		50A908F62D95795A00545344 /* PlaylistGridView.swift */ = {isa = PBXFileReference; lastKnownFileType = sourcecode.swift; path = PlaylistGridView.swift; sourceTree = "<group>"; };
		50AF24062E219C75003B5CA9 /* Ziekie.entitlements */ = {isa = PBXFileReference; lastKnownFileType = text.plist.entitlements; path = Ziekie.entitlements; sourceTree = "<group>"; };
		50AF240F2E243C74003B5CA9 /* MainThreadMonitor.swift */ = {isa = PBXFileReference; lastKnownFileType = sourcecode.swift; path = MainThreadMonitor.swift; sourceTree = "<group>"; };
		50C75B6F2E26DBC6007DC6C0 /* ParentPlaylistRow.swift */ = {isa = PBXFileReference; lastKnownFileType = sourcecode.swift; path = ParentPlaylistRow.swift; sourceTree = "<group>"; };
		50C75B712E26DBD3007DC6C0 /* ParentImageEditorView.swift */ = {isa = PBXFileReference; lastKnownFileType = sourcecode.swift; path = ParentImageEditorView.swift; sourceTree = "<group>"; };
		50C75B732E26DBDE007DC6C0 /* ParentAnalyticsView.swift */ = {isa = PBXFileReference; lastKnownFileType = sourcecode.swift; path = ParentAnalyticsView.swift; sourceTree = "<group>"; };
		50C75B7B2E2A5AC4007DC6C0 /* PlaylistLoadingPreference.swift */ = {isa = PBXFileReference; lastKnownFileType = sourcecode.swift; path = PlaylistLoadingPreference.swift; sourceTree = "<group>"; };
		50C75B7D2E2A5CB9007DC6C0 /* PlaylistPreferenceSection.swift */ = {isa = PBXFileReference; lastKnownFileType = sourcecode.swift; path = PlaylistPreferenceSection.swift; sourceTree = "<group>"; };
		50C75B902E3764E4007DC6C0 /* ColorExtractionService.swift */ = {isa = PBXFileReference; lastKnownFileType = sourcecode.swift; path = ColorExtractionService.swift; sourceTree = "<group>"; };
		50CEDCAA2E26D4EC00A28693 /* ParentModeManager.swift */ = {isa = PBXFileReference; lastKnownFileType = sourcecode.swift; path = ParentModeManager.swift; sourceTree = "<group>"; };
		50D25D902E1876C100990124 /* ParentAuthenticationView.swift */ = {isa = PBXFileReference; lastKnownFileType = sourcecode.swift; path = ParentAuthenticationView.swift; sourceTree = "<group>"; };
		50F38C292E3D09A2002F1DBF /* AppIcon.swift */ = {isa = PBXFileReference; lastKnownFileType = sourcecode.swift; path = AppIcon.swift; sourceTree = "<group>"; };
		50F7F3622E20495300EBD277 /* Quicksand_Bold.otf */ = {isa = PBXFileReference; lastKnownFileType = file; path = Quicksand_Bold.otf; sourceTree = "<group>"; };
		50F7F3632E20495300EBD277 /* Quicksand_Bold_Oblique.otf */ = {isa = PBXFileReference; lastKnownFileType = file; path = Quicksand_Bold_Oblique.otf; sourceTree = "<group>"; };
		50F7F3642E20495300EBD277 /* Quicksand_Book.otf */ = {isa = PBXFileReference; lastKnownFileType = file; path = Quicksand_Book.otf; sourceTree = "<group>"; };
		50F7F3652E20495300EBD277 /* Quicksand_Book_Oblique.otf */ = {isa = PBXFileReference; lastKnownFileType = file; path = Quicksand_Book_Oblique.otf; sourceTree = "<group>"; };
		50F7F3662E20495300EBD277 /* Quicksand_Dash.otf */ = {isa = PBXFileReference; lastKnownFileType = file; path = Quicksand_Dash.otf; sourceTree = "<group>"; };
		50F7F3672E20495300EBD277 /* Quicksand_Light.otf */ = {isa = PBXFileReference; lastKnownFileType = file; path = Quicksand_Light.otf; sourceTree = "<group>"; };
		50F7F3682E20495300EBD277 /* Quicksand_Light_Oblique.otf */ = {isa = PBXFileReference; lastKnownFileType = file; path = Quicksand_Light_Oblique.otf; sourceTree = "<group>"; };
		5F2E87A63B04DDEF37835EB6 /* PlaylistDetailView.swift */ = {isa = PBXFileReference; lastKnownFileType = sourcecode.swift; path = PlaylistDetailView.swift; sourceTree = "<group>"; };
		D1633981F8AE8754824EB033 /* MusicPlayerManager.swift */ = {isa = PBXFileReference; lastKnownFileType = sourcecode.swift; path = MusicPlayerManager.swift; sourceTree = "<group>"; };
/* End PBXFileReference section */

/* Begin PBXFileSystemSynchronizedRootGroup section */
		502A010B2E1C6687006DD4DA /* Playlists Json */ = {isa = PBXFileSystemSynchronizedRootGroup; explicitFileTypes = {}; explicitFolders = (); path = "Playlists Json"; sourceTree = "<group>"; };
/* End PBXFileSystemSynchronizedRootGroup section */

/* Begin PBXFrameworksBuildPhase section */
		3F6DFFBE299A92FA007C1652 /* Frameworks */ = {
			isa = PBXFrameworksBuildPhase;
			buildActionMask = 2147483647;
			files = (
				3F4442A229A4D339007A6CB2 /* Roadmap in Frameworks */,
				5092CE322E379B65000E7A10 /* SwiftUIIntrospect in Frameworks */,
				5092CE362E379B65000E7A10 /* SwiftUIIntrospect-Static in Frameworks */,
			);
			runOnlyForDeploymentPostprocessing = 0;
		};
		3F6DFFCE299A92FC007C1652 /* Frameworks */ = {
			isa = PBXFrameworksBuildPhase;
			buildActionMask = 2147483647;
			files = (
			);
			runOnlyForDeploymentPostprocessing = 0;
		};
		3F6DFFD8299A92FC007C1652 /* Frameworks */ = {
			isa = PBXFrameworksBuildPhase;
			buildActionMask = 2147483647;
			files = (
			);
			runOnlyForDeploymentPostprocessing = 0;
		};
/* End PBXFrameworksBuildPhase section */

/* Begin PBXGroup section */
		3F6DFFB8299A92FA007C1652 = {
			isa = PBXGroup;
			children = (
				3F6DFFC3299A92FA007C1652 /* Ziekie */,
				3F6DFFD4299A92FC007C1652 /* ZiekieTests */,
				3F6DFFDE299A92FC007C1652 /* ZiekieUITests */,
				3F6DFFC2299A92FA007C1652 /* Products */,
				50F7F3702E20497300EBD277 /* Fonts */,
				50C75B822E36BC1C007DC6C0 /* Frameworks */,
			);
			sourceTree = "<group>";
		};
		3F6DFFC2299A92FA007C1652 /* Products */ = {
			isa = PBXGroup;
			children = (
				3F6DFFC1299A92FA007C1652 /* Ziekie.app */,
				3F6DFFD1299A92FC007C1652 /* ZiekieTests.xctest */,
				3F6DFFDB299A92FC007C1652 /* ZiekieUITests.xctest */,
			);
			name = Products;
			sourceTree = "<group>";
		};
		3F6DFFC3299A92FA007C1652 /* Ziekie */ = {
			isa = PBXGroup;
			children = (
				50AF24062E219C75003B5CA9 /* Ziekie.entitlements */,
				3F6DFFF0299A93A7007C1652 /* Info.plist */,
				50C75B772E28DBD2007DC6C0 /* Resources */,
				50C75B752E28DAB6007DC6C0 /* Parent */,
				50C75B782E28DC67007DC6C0 /* Child */,
				50C75B762E28DADB007DC6C0 /* Core */,
				3F6DFFC8299A92FC007C1652 /* Assets.xcassets */,
				502A010B2E1C6687006DD4DA /* Playlists Json */,
				3F6DFFCA299A92FC007C1652 /* Preview Content */,
			);
			path = Ziekie;
			sourceTree = "<group>";
		};
		3F6DFFCA299A92FC007C1652 /* Preview Content */ = {
			isa = PBXGroup;
			children = (
				3F6DFFCB299A92FC007C1652 /* Preview Assets.xcassets */,
			);
			path = "Preview Content";
			sourceTree = "<group>";
		};
		3F6DFFD4299A92FC007C1652 /* ZiekieTests */ = {
			isa = PBXGroup;
			children = (
				3F6DFFD5299A92FC007C1652 /* ZiekieTests.swift */,
			);
			path = ZiekieTests;
			sourceTree = "<group>";
		};
		3F6DFFDE299A92FC007C1652 /* ZiekieUITests */ = {
			isa = PBXGroup;
			children = (
				3F6DFFDF299A92FC007C1652 /* ZiekieUITests.swift */,
				3F6DFFE1299A92FC007C1652 /* ZiekieUITestsLaunchTests.swift */,
			);
			path = ZiekieUITests;
			sourceTree = "<group>";
		};
		50C75B752E28DAB6007DC6C0 /* Parent */ = {
			isa = PBXGroup;
			children = (
				50C75B7B2E2A5AC4007DC6C0 /* PlaylistLoadingPreference.swift */,
				50C75B7D2E2A5CB9007DC6C0 /* PlaylistPreferenceSection.swift */,
				50CEDCAA2E26D4EC00A28693 /* ParentModeManager.swift */,
				50C75B6F2E26DBC6007DC6C0 /* ParentPlaylistRow.swift */,
				5092CE3C2E38AE99000E7A10 /* ParentSongImageEditorView.swift */,
				50C75B712E26DBD3007DC6C0 /* ParentImageEditorView.swift */,
				50C75B732E26DBDE007DC6C0 /* ParentAnalyticsView.swift */,
				50D25D902E1876C100990124 /* ParentAuthenticationView.swift */,
				5042B0DC2E1B069D0069CBDE /* PrivacyPolicyView.swift */,
				5090C5FD2D8F4CC400ED8941 /* PlaylistCreationSheet.swift */,
				3F6DFFEE299A930E007C1652 /* SearchView.swift */,
			);
			path = Parent;
			sourceTree = "<group>";
		};
		50C75B762E28DADB007DC6C0 /* Core */ = {
			isa = PBXGroup;
			children = (
				3F6DFFC4299A92FA007C1652 /* ZiekieApp.swift */,
				50AF240F2E243C74003B5CA9 /* MainThreadMonitor.swift */,
				D1633981F8AE8754824EB033 /* MusicPlayerManager.swift */,
				5090C5FF2D8F52EA00ED8941 /* MusicAuthManager.swift */,
				3F6D0029299BB6FF007C1652 /* Data.swift */,
			);
			path = Core;
			sourceTree = "<group>";
		};
		50C75B772E28DBD2007DC6C0 /* Resources */ = {
			isa = PBXGroup;
			children = (
				503C108F2E4CA4BF005B0C72 /* ImagePlaygroundLanguageChecker.swift */,
				5092CE442E38D60F000E7A10 /* ImageAssetLoader.swift */,
				5092CE4C2E39EDE2000E7A10 /* canvastest.swift */,
				5092CE402E38BF11000E7A10 /* PhotoSaver.swift */,
				50C75B902E3764E4007DC6C0 /* ColorExtractionService.swift */,
				508262052E184E06001675FB /* QuicksandFont.swift */,
				5007B9942E21531F00C59160 /* CanvasDottedBackground.swift */,
				3F4442A329A4D374007A6CB2 /* Roadmap.swift */,
				50F38C292E3D09A2002F1DBF /* AppIcon.swift */,
				5042B0E22E1B0EEE0069CBDE /* SubscriptionStatusView.swift */,
			);
			path = Resources;
			sourceTree = "<group>";
		};
		50C75B782E28DC67007DC6C0 /* Child */ = {
			isa = PBXGroup;
			children = (
				503C10912E4CA654005B0C72 /* ImagePlaygroundOnboardingView.swift */,
				3F6D005A299CEA56007C1652 /* Onboarding.swift */,
				5092CE4A2E395E3D000E7A10 /* MusicProgressSlider.swift */,
				5092CE482E39466B000E7A10 /* NowPlayingBar.swift */,
				3FFA8EDC299D398E0090EDE2 /* HomeView.swift */,
				3F1F94D9299FC2AE00077B2B /* SongRow.swift */,
				50A908F62D95795A00545344 /* PlaylistGridView.swift */,
				3F6D0074299D2535007C1652 /* SongView.swift */,
				5F2E87A63B04DDEF37835EB6 /* PlaylistDetailView.swift */,
			);
			path = Child;
			sourceTree = "<group>";
		};
		50C75B822E36BC1C007DC6C0 /* Frameworks */ = {
			isa = PBXGroup;
			children = (
			);
			name = Frameworks;
			sourceTree = "<group>";
		};
		50F7F3702E20497300EBD277 /* Fonts */ = {
			isa = PBXGroup;
			children = (
				50F7F3622E20495300EBD277 /* Quicksand_Bold.otf */,
				50F7F3632E20495300EBD277 /* Quicksand_Bold_Oblique.otf */,
				50F7F3642E20495300EBD277 /* Quicksand_Book.otf */,
				50F7F3652E20495300EBD277 /* Quicksand_Book_Oblique.otf */,
				5007B9882E20F8A100C59160 /* Merriweather-Italic-VariableFont_opsz,wdth,wght.ttf */,
				5007B9892E20F8A100C59160 /* Merriweather-VariableFont_opsz,wdth,wght.ttf */,
				50F7F3662E20495300EBD277 /* Quicksand_Dash.otf */,
				50F7F3672E20495300EBD277 /* Quicksand_Light.otf */,
				50F7F3682E20495300EBD277 /* Quicksand_Light_Oblique.otf */,
			);
			path = Fonts;
			sourceTree = "<group>";
		};
/* End PBXGroup section */

/* Begin PBXNativeTarget section */
		3F6DFFC0299A92FA007C1652 /* Ziekie */ = {
			isa = PBXNativeTarget;
			buildConfigurationList = 3F6DFFE5299A92FC007C1652 /* Build configuration list for PBXNativeTarget "Ziekie" */;
			buildPhases = (
				3F6DFFBD299A92FA007C1652 /* Sources */,
				3F6DFFBE299A92FA007C1652 /* Frameworks */,
				3F6DFFBF299A92FA007C1652 /* Resources */,
				50C75B872E36BC20007DC6C0 /* Embed Frameworks */,
			);
			buildRules = (
			);
			dependencies = (
			);
			fileSystemSynchronizedGroups = (
				502A010B2E1C6687006DD4DA /* Playlists Json */,
			);
			name = Ziekie;
			packageProductDependencies = (
				3F4442A129A4D339007A6CB2 /* Roadmap */,
				5092CE312E379B65000E7A10 /* SwiftUIIntrospect */,
				5092CE352E379B65000E7A10 /* SwiftUIIntrospect-Static */,
			);
			productName = Ziekie;
			productReference = 3F6DFFC1299A92FA007C1652 /* Ziekie.app */;
			productType = "com.apple.product-type.application";
		};
		3F6DFFD0299A92FC007C1652 /* ZiekieTests */ = {
			isa = PBXNativeTarget;
			buildConfigurationList = 3F6DFFE8299A92FC007C1652 /* Build configuration list for PBXNativeTarget "ZiekieTests" */;
			buildPhases = (
				3F6DFFCD299A92FC007C1652 /* Sources */,
				3F6DFFCE299A92FC007C1652 /* Frameworks */,
				3F6DFFCF299A92FC007C1652 /* Resources */,
			);
			buildRules = (
			);
			dependencies = (
				3F6DFFD3299A92FC007C1652 /* PBXTargetDependency */,
			);
			name = ZiekieTests;
			productName = ZiekieTests;
			productReference = 3F6DFFD1299A92FC007C1652 /* ZiekieTests.xctest */;
			productType = "com.apple.product-type.bundle.unit-test";
		};
		3F6DFFDA299A92FC007C1652 /* ZiekieUITests */ = {
			isa = PBXNativeTarget;
			buildConfigurationList = 3F6DFFEB299A92FC007C1652 /* Build configuration list for PBXNativeTarget "ZiekieUITests" */;
			buildPhases = (
				3F6DFFD7299A92FC007C1652 /* Sources */,
				3F6DFFD8299A92FC007C1652 /* Frameworks */,
				3F6DFFD9299A92FC007C1652 /* Resources */,
			);
			buildRules = (
			);
			dependencies = (
				3F6DFFDD299A92FC007C1652 /* PBXTargetDependency */,
			);
			name = ZiekieUITests;
			productName = ZiekieUITests;
			productReference = 3F6DFFDB299A92FC007C1652 /* ZiekieUITests.xctest */;
			productType = "com.apple.product-type.bundle.ui-testing";
		};
/* End PBXNativeTarget section */

/* Begin PBXProject section */
		3F6DFFB9299A92FA007C1652 /* Project object */ = {
			isa = PBXProject;
			attributes = {
				BuildIndependentTargetsInParallel = 1;
				LastSwiftUpdateCheck = 1420;
				LastUpgradeCheck = 2600;
				TargetAttributes = {
					3F6DFFC0299A92FA007C1652 = {
						CreatedOnToolsVersion = 14.2;
					};
					3F6DFFD0299A92FC007C1652 = {
						CreatedOnToolsVersion = 14.2;
						TestTargetID = 3F6DFFC0299A92FA007C1652;
					};
					3F6DFFDA299A92FC007C1652 = {
						CreatedOnToolsVersion = 14.2;
						TestTargetID = 3F6DFFC0299A92FA007C1652;
					};
				};
			};
			buildConfigurationList = 3F6DFFBC299A92FA007C1652 /* Build configuration list for PBXProject "Ziekie" */;
			compatibilityVersion = "Xcode 14.0";
			developmentRegion = en;
			hasScannedForEncodings = 0;
			knownRegions = (
				en,
				Base,
			);
			mainGroup = 3F6DFFB8299A92FA007C1652;
			packageReferences = (
				3F4442A029A4D339007A6CB2 /* XCRemoteSwiftPackageReference "Roadmap" */,
				5092CE302E379B65000E7A10 /* XCRemoteSwiftPackageReference "swiftui-introspect" */,
			);
			productRefGroup = 3F6DFFC2299A92FA007C1652 /* Products */;
			projectDirPath = "";
			projectRoot = "";
			targets = (
				3F6DFFC0299A92FA007C1652 /* Ziekie */,
				3F6DFFD0299A92FC007C1652 /* ZiekieTests */,
				3F6DFFDA299A92FC007C1652 /* ZiekieUITests */,
			);
		};
/* End PBXProject section */

/* Begin PBXResourcesBuildPhase section */
		3F6DFFBF299A92FA007C1652 /* Resources */ = {
			isa = PBXResourcesBuildPhase;
			buildActionMask = 2147483647;
			files = (
				50F7F3692E20495300EBD277 /* Quicksand_Bold.otf in Resources */,
				50F7F36A2E20495300EBD277 /* Quicksand_Book_Oblique.otf in Resources */,
				50F7F36B2E20495300EBD277 /* Quicksand_Bold_Oblique.otf in Resources */,
				50F7F36C2E20495300EBD277 /* Quicksand_Light.otf in Resources */,
				5007B98A2E20F8A100C59160 /* Merriweather-Italic-VariableFont_opsz,wdth,wght.ttf in Resources */,
				5007B98B2E20F8A100C59160 /* Merriweather-VariableFont_opsz,wdth,wght.ttf in Resources */,
				50F7F36D2E20495300EBD277 /* Quicksand_Light_Oblique.otf in Resources */,
				50F7F36E2E20495300EBD277 /* Quicksand_Book.otf in Resources */,
				50F7F36F2E20495300EBD277 /* Quicksand_Dash.otf in Resources */,
				50F7F3612E2048A800EBD277 /* Assets.xcassets in Resources */,
				3F6DFFCC299A92FC007C1652 /* Preview Assets.xcassets in Resources */,
			);
			runOnlyForDeploymentPostprocessing = 0;
		};
		3F6DFFCF299A92FC007C1652 /* Resources */ = {
			isa = PBXResourcesBuildPhase;
			buildActionMask = 2147483647;
			files = (
			);
			runOnlyForDeploymentPostprocessing = 0;
		};
		3F6DFFD9299A92FC007C1652 /* Resources */ = {
			isa = PBXResourcesBuildPhase;
			buildActionMask = 2147483647;
			files = (
			);
			runOnlyForDeploymentPostprocessing = 0;
		};
/* End PBXResourcesBuildPhase section */

/* Begin PBXSourcesBuildPhase section */
		3F6DFFBD299A92FA007C1652 /* Sources */ = {
			isa = PBXSourcesBuildPhase;
			buildActionMask = 2147483647;
			files = (
				50CEDCAB2E26D4EC00A28693 /* ParentModeManager.swift in Sources */,
				50C75B742E26DBDE007DC6C0 /* ParentAnalyticsView.swift in Sources */,
				50C75B7C2E2A5AC4007DC6C0 /* PlaylistLoadingPreference.swift in Sources */,
				50AF24102E243C74003B5CA9 /* MainThreadMonitor.swift in Sources */,
				5092CE492E39466B000E7A10 /* NowPlayingBar.swift in Sources */,
				50C75B7E2E2A5CB9007DC6C0 /* PlaylistPreferenceSection.swift in Sources */,
				3F6D002A299BB6FF007C1652 /* Data.swift in Sources */,
				3F1F94DA299FC2AE00077B2B /* SongRow.swift in Sources */,
				50A908FA2D99C24000545344 /* PlaylistDetailView.swift in Sources */,
				5092CE3D2E38AE99000E7A10 /* ParentSongImageEditorView.swift in Sources */,
				3F6DFFEF299A930E007C1652 /* SearchView.swift in Sources */,
				508262062E184E06001675FB /* QuicksandFont.swift in Sources */,
				5092CE452E38D60F000E7A10 /* ImageAssetLoader.swift in Sources */,
				50C75B702E26DBC6007DC6C0 /* ParentPlaylistRow.swift in Sources */,
				3F6D0075299D2535007C1652 /* SongView.swift in Sources */,
				5092CE4B2E395E3D000E7A10 /* MusicProgressSlider.swift in Sources */,
				503C10922E4CA654005B0C72 /* ImagePlaygroundOnboardingView.swift in Sources */,
				5090C5FE2D8F4CC400ED8941 /* PlaylistCreationSheet.swift in Sources */,
				503C10902E4CA4BF005B0C72 /* ImagePlaygroundLanguageChecker.swift in Sources */,
				50A908F72D95795A00545344 /* PlaylistGridView.swift in Sources */,
				50F38C2A2E3D09A2002F1DBF /* AppIcon.swift in Sources */,
				50A908F82D99C18100545344 /* MusicPlayerManager.swift in Sources */,
				5092CE412E38BF11000E7A10 /* PhotoSaver.swift in Sources */,
				50C75B912E3764E4007DC6C0 /* ColorExtractionService.swift in Sources */,
				50A908F92D99C23B00545344 /* MusicAuthManager.swift in Sources */,
				3F4442A429A4D374007A6CB2 /* Roadmap.swift in Sources */,
				3FFA8EDD299D398E0090EDE2 /* HomeView.swift in Sources */,
				5007B9952E21531F00C59160 /* CanvasDottedBackground.swift in Sources */,
				5092CE4D2E39EDE2000E7A10 /* canvastest.swift in Sources */,
				3F6DFFC5299A92FA007C1652 /* ZiekieApp.swift in Sources */,
				50D25D912E1876C100990124 /* ParentAuthenticationView.swift in Sources */,
				50C75B722E26DBD3007DC6C0 /* ParentImageEditorView.swift in Sources */,
				5042B0E32E1B0EEE0069CBDE /* SubscriptionStatusView.swift in Sources */,
				3F6D005B299CEA56007C1652 /* Onboarding.swift in Sources */,
			);
			runOnlyForDeploymentPostprocessing = 0;
		};
		3F6DFFCD299A92FC007C1652 /* Sources */ = {
			isa = PBXSourcesBuildPhase;
			buildActionMask = 2147483647;
			files = (
				3F6DFFD6299A92FC007C1652 /* ZiekieTests.swift in Sources */,
			);
			runOnlyForDeploymentPostprocessing = 0;
		};
		3F6DFFD7299A92FC007C1652 /* Sources */ = {
			isa = PBXSourcesBuildPhase;
			buildActionMask = 2147483647;
			files = (
				3F6DFFE0299A92FC007C1652 /* ZiekieUITests.swift in Sources */,
				3F6DFFE2299A92FC007C1652 /* ZiekieUITestsLaunchTests.swift in Sources */,
			);
			runOnlyForDeploymentPostprocessing = 0;
		};
/* End PBXSourcesBuildPhase section */

/* Begin PBXTargetDependency section */
		3F6DFFD3299A92FC007C1652 /* PBXTargetDependency */ = {
			isa = PBXTargetDependency;
			target = 3F6DFFC0299A92FA007C1652 /* Ziekie */;
			targetProxy = 3F6DFFD2299A92FC007C1652 /* PBXContainerItemProxy */;
		};
		3F6DFFDD299A92FC007C1652 /* PBXTargetDependency */ = {
			isa = PBXTargetDependency;
			target = 3F6DFFC0299A92FA007C1652 /* Ziekie */;
			targetProxy = 3F6DFFDC299A92FC007C1652 /* PBXContainerItemProxy */;
		};
/* End PBXTargetDependency section */

/* Begin XCBuildConfiguration section */
		3F6DFFE3299A92FC007C1652 /* Debug */ = {
			isa = XCBuildConfiguration;
			buildSettings = {
				ALWAYS_SEARCH_USER_PATHS = NO;
				ASSETCATALOG_COMPILER_GENERATE_SWIFT_ASSET_SYMBOL_EXTENSIONS = YES;
				CLANG_ANALYZER_NONNULL = YES;
				CLANG_ANALYZER_NUMBER_OBJECT_CONVERSION = YES_AGGRESSIVE;
				CLANG_CXX_LANGUAGE_STANDARD = "gnu++20";
				CLANG_ENABLE_MODULES = YES;
				CLANG_ENABLE_OBJC_ARC = YES;
				CLANG_ENABLE_OBJC_WEAK = YES;
				CLANG_WARN_BLOCK_CAPTURE_AUTORELEASING = YES;
				CLANG_WARN_BOOL_CONVERSION = YES;
				CLANG_WARN_COMMA = YES;
				CLANG_WARN_CONSTANT_CONVERSION = YES;
				CLANG_WARN_DEPRECATED_OBJC_IMPLEMENTATIONS = YES;
				CLANG_WARN_DIRECT_OBJC_ISA_USAGE = YES_ERROR;
				CLANG_WARN_DOCUMENTATION_COMMENTS = YES;
				CLANG_WARN_EMPTY_BODY = YES;
				CLANG_WARN_ENUM_CONVERSION = YES;
				CLANG_WARN_INFINITE_RECURSION = YES;
				CLANG_WARN_INT_CONVERSION = YES;
				CLANG_WARN_NON_LITERAL_NULL_CONVERSION = YES;
				CLANG_WARN_OBJC_IMPLICIT_RETAIN_SELF = YES;
				CLANG_WARN_OBJC_LITERAL_CONVERSION = YES;
				CLANG_WARN_OBJC_ROOT_CLASS = YES_ERROR;
				CLANG_WARN_QUOTED_INCLUDE_IN_FRAMEWORK_HEADER = YES;
				CLANG_WARN_RANGE_LOOP_ANALYSIS = YES;
				CLANG_WARN_STRICT_PROTOTYPES = YES;
				CLANG_WARN_SUSPICIOUS_MOVE = YES;
				CLANG_WARN_UNGUARDED_AVAILABILITY = YES_AGGRESSIVE;
				CLANG_WARN_UNREACHABLE_CODE = YES;
				CLANG_WARN__DUPLICATE_METHOD_MATCH = YES;
				COPY_PHASE_STRIP = NO;
				DEBUG_INFORMATION_FORMAT = dwarf;
				DEVELOPMENT_TEAM = BBR7NL4N9H;
				ENABLE_STRICT_OBJC_MSGSEND = YES;
				ENABLE_TESTABILITY = YES;
				ENABLE_USER_SCRIPT_SANDBOXING = YES;
				GCC_C_LANGUAGE_STANDARD = gnu11;
				GCC_DYNAMIC_NO_PIC = NO;
				GCC_NO_COMMON_BLOCKS = YES;
				GCC_OPTIMIZATION_LEVEL = 0;
				GCC_PREPROCESSOR_DEFINITIONS = (
					"DEBUG=1",
					"$(inherited)",
				);
				GCC_WARN_64_TO_32_BIT_CONVERSION = YES;
				GCC_WARN_ABOUT_RETURN_TYPE = YES_ERROR;
				GCC_WARN_UNDECLARED_SELECTOR = YES;
				GCC_WARN_UNINITIALIZED_AUTOS = YES_AGGRESSIVE;
				GCC_WARN_UNUSED_FUNCTION = YES;
				GCC_WARN_UNUSED_VARIABLE = YES;
				IPHONEOS_DEPLOYMENT_TARGET = 16.2;
				MTL_ENABLE_DEBUG_INFO = INCLUDE_SOURCE;
				MTL_FAST_MATH = YES;
				ONLY_ACTIVE_ARCH = YES;
				SDKROOT = iphoneos;
				STRING_CATALOG_GENERATE_SYMBOLS = YES;
				SWIFT_ACTIVE_COMPILATION_CONDITIONS = DEBUG;
				SWIFT_OPTIMIZATION_LEVEL = "-Onone";
			};
			name = Debug;
		};
		3F6DFFE4299A92FC007C1652 /* Release */ = {
			isa = XCBuildConfiguration;
			buildSettings = {
				ALWAYS_SEARCH_USER_PATHS = NO;
				ASSETCATALOG_COMPILER_GENERATE_SWIFT_ASSET_SYMBOL_EXTENSIONS = YES;
				CLANG_ANALYZER_NONNULL = YES;
				CLANG_ANALYZER_NUMBER_OBJECT_CONVERSION = YES_AGGRESSIVE;
				CLANG_CXX_LANGUAGE_STANDARD = "gnu++20";
				CLANG_ENABLE_MODULES = YES;
				CLANG_ENABLE_OBJC_ARC = YES;
				CLANG_ENABLE_OBJC_WEAK = YES;
				CLANG_WARN_BLOCK_CAPTURE_AUTORELEASING = YES;
				CLANG_WARN_BOOL_CONVERSION = YES;
				CLANG_WARN_COMMA = YES;
				CLANG_WARN_CONSTANT_CONVERSION = YES;
				CLANG_WARN_DEPRECATED_OBJC_IMPLEMENTATIONS = YES;
				CLANG_WARN_DIRECT_OBJC_ISA_USAGE = YES_ERROR;
				CLANG_WARN_DOCUMENTATION_COMMENTS = YES;
				CLANG_WARN_EMPTY_BODY = YES;
				CLANG_WARN_ENUM_CONVERSION = YES;
				CLANG_WARN_INFINITE_RECURSION = YES;
				CLANG_WARN_INT_CONVERSION = YES;
				CLANG_WARN_NON_LITERAL_NULL_CONVERSION = YES;
				CLANG_WARN_OBJC_IMPLICIT_RETAIN_SELF = YES;
				CLANG_WARN_OBJC_LITERAL_CONVERSION = YES;
				CLANG_WARN_OBJC_ROOT_CLASS = YES_ERROR;
				CLANG_WARN_QUOTED_INCLUDE_IN_FRAMEWORK_HEADER = YES;
				CLANG_WARN_RANGE_LOOP_ANALYSIS = YES;
				CLANG_WARN_STRICT_PROTOTYPES = YES;
				CLANG_WARN_SUSPICIOUS_MOVE = YES;
				CLANG_WARN_UNGUARDED_AVAILABILITY = YES_AGGRESSIVE;
				CLANG_WARN_UNREACHABLE_CODE = YES;
				CLANG_WARN__DUPLICATE_METHOD_MATCH = YES;
				COPY_PHASE_STRIP = NO;
				DEBUG_INFORMATION_FORMAT = "dwarf-with-dsym";
				DEVELOPMENT_TEAM = BBR7NL4N9H;
				ENABLE_NS_ASSERTIONS = NO;
				ENABLE_STRICT_OBJC_MSGSEND = YES;
				ENABLE_USER_SCRIPT_SANDBOXING = YES;
				GCC_C_LANGUAGE_STANDARD = gnu11;
				GCC_NO_COMMON_BLOCKS = YES;
				GCC_OPTIMIZATION_LEVEL = 1;
				GCC_WARN_64_TO_32_BIT_CONVERSION = YES;
				GCC_WARN_ABOUT_RETURN_TYPE = YES_ERROR;
				GCC_WARN_UNDECLARED_SELECTOR = YES;
				GCC_WARN_UNINITIALIZED_AUTOS = YES_AGGRESSIVE;
				GCC_WARN_UNUSED_FUNCTION = YES;
				GCC_WARN_UNUSED_VARIABLE = YES;
				IPHONEOS_DEPLOYMENT_TARGET = 16.2;
				MTL_ENABLE_DEBUG_INFO = NO;
				MTL_FAST_MATH = YES;
				SDKROOT = iphoneos;
				STRING_CATALOG_GENERATE_SYMBOLS = YES;
				SWIFT_COMPILATION_MODE = wholemodule;
				SWIFT_OPTIMIZATION_LEVEL = "-O";
				VALIDATE_PRODUCT = YES;
			};
			name = Release;
		};
		3F6DFFE6299A92FC007C1652 /* Debug */ = {
			isa = XCBuildConfiguration;
			buildSettings = {
				ASSETCATALOG_COMPILER_APPICON_NAME = AppIcon;
				ASSETCATALOG_COMPILER_GLOBAL_ACCENT_COLOR_NAME = AccentColor;
				CODE_SIGN_ENTITLEMENTS = Ziekie/Ziekie.entitlements;
				CODE_SIGN_STYLE = Automatic;
				CURRENT_PROJECT_VERSION = 2;
				DEVELOPMENT_ASSET_PATHS = "\"Ziekie/Preview Content\"";
				ENABLE_PREVIEWS = YES;
				GENERATE_INFOPLIST_FILE = YES;
				INFOPLIST_FILE = Ziekie/Info.plist;
				INFOPLIST_KEY_CFBundleDisplayName = "Tune Gallery";
				INFOPLIST_KEY_LSApplicationCategoryType = "";
				INFOPLIST_KEY_NSPhotoLibraryAddUsageDescription = "Save generated images to Photos for use in your projects";
				INFOPLIST_KEY_UIApplicationSceneManifest_Generation = YES;
				INFOPLIST_KEY_UIApplicationSupportsIndirectInputEvents = YES;
				INFOPLIST_KEY_UILaunchScreen_Generation = YES;
				INFOPLIST_KEY_UISupportedInterfaceOrientations_iPad = "UIInterfaceOrientationPortrait UIInterfaceOrientationPortraitUpsideDown UIInterfaceOrientationLandscapeLeft UIInterfaceOrientationLandscapeRight";
				INFOPLIST_KEY_UISupportedInterfaceOrientations_iPhone = "UIInterfaceOrientationPortrait UIInterfaceOrientationLandscapeLeft UIInterfaceOrientationLandscapeRight";
				IPHONEOS_DEPLOYMENT_TARGET = 26.0;
				LD_RUNPATH_SEARCH_PATHS = (
					"$(inherited)",
					"@executable_path/Frameworks",
				);
				MARKETING_VERSION = 1.0;
				PRODUCT_BUNDLE_IDENTIFIER = com.toolsforpedagogy.Ziekie;
				PRODUCT_NAME = "$(TARGET_NAME)";
				SWIFT_EMIT_LOC_STRINGS = YES;
				SWIFT_VERSION = 5.0;
				TARGETED_DEVICE_FAMILY = "1,2";
			};
			name = Debug;
		};
		3F6DFFE7299A92FC007C1652 /* Release */ = {
			isa = XCBuildConfiguration;
			buildSettings = {
				ASSETCATALOG_COMPILER_APPICON_NAME = AppIcon;
				ASSETCATALOG_COMPILER_GLOBAL_ACCENT_COLOR_NAME = AccentColor;
				CODE_SIGN_ENTITLEMENTS = Ziekie/Ziekie.entitlements;
				CODE_SIGN_STYLE = Automatic;
				CURRENT_PROJECT_VERSION = 2;
				DEVELOPMENT_ASSET_PATHS = "\"Ziekie/Preview Content\"";
				ENABLE_PREVIEWS = YES;
				GENERATE_INFOPLIST_FILE = YES;
				INFOPLIST_FILE = Ziekie/Info.plist;
				INFOPLIST_KEY_CFBundleDisplayName = "Tune Gallery";
				INFOPLIST_KEY_LSApplicationCategoryType = "";
				INFOPLIST_KEY_NSPhotoLibraryAddUsageDescription = "Save generated images to Photos for use in your projects";
				INFOPLIST_KEY_UIApplicationSceneManifest_Generation = YES;
				INFOPLIST_KEY_UIApplicationSupportsIndirectInputEvents = YES;
				INFOPLIST_KEY_UILaunchScreen_Generation = YES;
				INFOPLIST_KEY_UISupportedInterfaceOrientations_iPad = "UIInterfaceOrientationPortrait UIInterfaceOrientationPortraitUpsideDown UIInterfaceOrientationLandscapeLeft UIInterfaceOrientationLandscapeRight";
				INFOPLIST_KEY_UISupportedInterfaceOrientations_iPhone = "UIInterfaceOrientationPortrait UIInterfaceOrientationLandscapeLeft UIInterfaceOrientationLandscapeRight";
				IPHONEOS_DEPLOYMENT_TARGET = 26.0;
				LD_RUNPATH_SEARCH_PATHS = (
					"$(inherited)",
					"@executable_path/Frameworks",
				);
				MARKETING_VERSION = 1.0;
				PRODUCT_BUNDLE_IDENTIFIER = com.toolsforpedagogy.Ziekie;
				PRODUCT_NAME = "$(TARGET_NAME)";
				SWIFT_EMIT_LOC_STRINGS = YES;
				SWIFT_VERSION = 5.0;
				TARGETED_DEVICE_FAMILY = "1,2";
			};
			name = Release;
		};
		3F6DFFE9299A92FC007C1652 /* Debug */ = {
			isa = XCBuildConfiguration;
			buildSettings = {
				BUNDLE_LOADER = "$(TEST_HOST)";
				CODE_SIGN_STYLE = Automatic;
				CURRENT_PROJECT_VERSION = 1;
				GENERATE_INFOPLIST_FILE = YES;
				IPHONEOS_DEPLOYMENT_TARGET = 16.2;
				MARKETING_VERSION = 1.0;
				PRODUCT_BUNDLE_IDENTIFIER = com.toolsforpedagogy.ZiekieTests;
				PRODUCT_NAME = "$(TARGET_NAME)";
				SWIFT_EMIT_LOC_STRINGS = NO;
				SWIFT_VERSION = 5.0;
				TARGETED_DEVICE_FAMILY = "1,2";
				TEST_HOST = "$(BUILT_PRODUCTS_DIR)/Ziekie.app/$(BUNDLE_EXECUTABLE_FOLDER_PATH)/Ziekie";
			};
			name = Debug;
		};
		3F6DFFEA299A92FC007C1652 /* Release */ = {
			isa = XCBuildConfiguration;
			buildSettings = {
				BUNDLE_LOADER = "$(TEST_HOST)";
				CODE_SIGN_STYLE = Automatic;
				CURRENT_PROJECT_VERSION = 1;
				GENERATE_INFOPLIST_FILE = YES;
				IPHONEOS_DEPLOYMENT_TARGET = 16.2;
				MARKETING_VERSION = 1.0;
				PRODUCT_BUNDLE_IDENTIFIER = com.toolsforpedagogy.ZiekieTests;
				PRODUCT_NAME = "$(TARGET_NAME)";
				SWIFT_EMIT_LOC_STRINGS = NO;
				SWIFT_VERSION = 5.0;
				TARGETED_DEVICE_FAMILY = "1,2";
				TEST_HOST = "$(BUILT_PRODUCTS_DIR)/Ziekie.app/$(BUNDLE_EXECUTABLE_FOLDER_PATH)/Ziekie";
			};
			name = Release;
		};
		3F6DFFEC299A92FC007C1652 /* Debug */ = {
			isa = XCBuildConfiguration;
			buildSettings = {
				CODE_SIGN_STYLE = Automatic;
				CURRENT_PROJECT_VERSION = 1;
				GENERATE_INFOPLIST_FILE = YES;
				MARKETING_VERSION = 1.0;
				PRODUCT_BUNDLE_IDENTIFIER = com.toolsforpedagogy.ZiekieUITests;
				PRODUCT_NAME = "$(TARGET_NAME)";
				SWIFT_EMIT_LOC_STRINGS = NO;
				SWIFT_VERSION = 5.0;
				TARGETED_DEVICE_FAMILY = "1,2";
				TEST_TARGET_NAME = Ziekie;
			};
			name = Debug;
		};
		3F6DFFED299A92FC007C1652 /* Release */ = {
			isa = XCBuildConfiguration;
			buildSettings = {
				CODE_SIGN_STYLE = Automatic;
				CURRENT_PROJECT_VERSION = 1;
				GENERATE_INFOPLIST_FILE = YES;
				MARKETING_VERSION = 1.0;
				PRODUCT_BUNDLE_IDENTIFIER = com.toolsforpedagogy.ZiekieUITests;
				PRODUCT_NAME = "$(TARGET_NAME)";
				SWIFT_EMIT_LOC_STRINGS = NO;
				SWIFT_VERSION = 5.0;
				TARGETED_DEVICE_FAMILY = "1,2";
				TEST_TARGET_NAME = Ziekie;
			};
			name = Release;
		};
/* End XCBuildConfiguration section */

/* Begin XCConfigurationList section */
		3F6DFFBC299A92FA007C1652 /* Build configuration list for PBXProject "Ziekie" */ = {
			isa = XCConfigurationList;
			buildConfigurations = (
				3F6DFFE3299A92FC007C1652 /* Debug */,
				3F6DFFE4299A92FC007C1652 /* Release */,
			);
			defaultConfigurationIsVisible = 0;
			defaultConfigurationName = Release;
		};
		3F6DFFE5299A92FC007C1652 /* Build configuration list for PBXNativeTarget "Ziekie" */ = {
			isa = XCConfigurationList;
			buildConfigurations = (
				3F6DFFE6299A92FC007C1652 /* Debug */,
				3F6DFFE7299A92FC007C1652 /* Release */,
			);
			defaultConfigurationIsVisible = 0;
			defaultConfigurationName = Release;
		};
		3F6DFFE8299A92FC007C1652 /* Build configuration list for PBXNativeTarget "ZiekieTests" */ = {
			isa = XCConfigurationList;
			buildConfigurations = (
				3F6DFFE9299A92FC007C1652 /* Debug */,
				3F6DFFEA299A92FC007C1652 /* Release */,
			);
			defaultConfigurationIsVisible = 0;
			defaultConfigurationName = Release;
		};
		3F6DFFEB299A92FC007C1652 /* Build configuration list for PBXNativeTarget "ZiekieUITests" */ = {
			isa = XCConfigurationList;
			buildConfigurations = (
				3F6DFFEC299A92FC007C1652 /* Debug */,
				3F6DFFED299A92FC007C1652 /* Release */,
			);
			defaultConfigurationIsVisible = 0;
			defaultConfigurationName = Release;
		};
/* End XCConfigurationList section */

/* Begin XCRemoteSwiftPackageReference section */
		3F4442A029A4D339007A6CB2 /* XCRemoteSwiftPackageReference "Roadmap" */ = {
			isa = XCRemoteSwiftPackageReference;
			repositoryURL = "https://github.com/AvdLee/Roadmap.git";
			requirement = {
				branch = main;
				kind = branch;
			};
		};
		5092CE302E379B65000E7A10 /* XCRemoteSwiftPackageReference "swiftui-introspect" */ = {
			isa = XCRemoteSwiftPackageReference;
			repositoryURL = "https://github.com/siteline/swiftui-introspect";
			requirement = {
				kind = upToNextMajorVersion;
				minimumVersion = 1.3.0;
			};
		};
/* End XCRemoteSwiftPackageReference section */

/* Begin XCSwiftPackageProductDependency section */
		3F4442A129A4D339007A6CB2 /* Roadmap */ = {
			isa = XCSwiftPackageProductDependency;
			package = 3F4442A029A4D339007A6CB2 /* XCRemoteSwiftPackageReference "Roadmap" */;
			productName = Roadmap;
		};
		5092CE312E379B65000E7A10 /* SwiftUIIntrospect */ = {
			isa = XCSwiftPackageProductDependency;
			package = 5092CE302E379B65000E7A10 /* XCRemoteSwiftPackageReference "swiftui-introspect" */;
			productName = SwiftUIIntrospect;
		};
		5092CE352E379B65000E7A10 /* SwiftUIIntrospect-Static */ = {
			isa = XCSwiftPackageProductDependency;
			package = 5092CE302E379B65000E7A10 /* XCRemoteSwiftPackageReference "swiftui-introspect" */;
			productName = "SwiftUIIntrospect-Static";
		};
/* End XCSwiftPackageProductDependency section */
	};
	rootObject = 3F6DFFB9299A92FA007C1652 /* Project object */;
}
